// !$*UTF8*$!
{
	archiveVersion = 1;
	classes = {
	};
	objectVersion = 50;
	objects = {

/* Begin PBXBuildFile section */
		0838009F2612BD4B00C10EC2 /* AppDelegate.swift in Sources */ = {isa = PBXBuildFile; fileRef = 0838009E2612BD4B00C10EC2 /* AppDelegate.swift */; };
		083800A12612BD4B00C10EC2 /* SceneDelegate.swift in Sources */ = {isa = PBXBuildFile; fileRef = 083800A02612BD4B00C10EC2 /* SceneDelegate.swift */; };
		083800A32612BD4B00C10EC2 /* ViewController.swift in Sources */ = {isa = PBXBuildFile; fileRef = 083800A22612BD4B00C10EC2 /* ViewController.swift */; };
		083800A62612BD4B00C10EC2 /* Main.storyboard in Resources */ = {isa = PBXBuildFile; fileRef = 083800A42612BD4B00C10EC2 /* Main.storyboard */; };
		083800A82612BD4D00C10EC2 /* Assets.xcassets in Resources */ = {isa = PBXBuildFile; fileRef = 083800A72612BD4D00C10EC2 /* Assets.xcassets */; };
		083800AB2612BD4D00C10EC2 /* LaunchScreen.storyboard in Resources */ = {isa = PBXBuildFile; fileRef = 083800A92612BD4D00C10EC2 /* LaunchScreen.storyboard */; };
		083800B62612BD4D00C10EC2 /* flixsterTests.swift in Sources */ = {isa = PBXBuildFile; fileRef = 083800B52612BD4D00C10EC2 /* flixsterTests.swift */; };
		083800C12612BD4D00C10EC2 /* flixsterUITests.swift in Sources */ = {isa = PBXBuildFile; fileRef = 083800C02612BD4D00C10EC2 /* flixsterUITests.swift */; };
/* End PBXBuildFile section */

/* Begin PBXContainerItemProxy section */
		083800B22612BD4D00C10EC2 /* PBXContainerItemProxy */ = {
			isa = PBXContainerItemProxy;
			containerPortal = 083800932612BD4B00C10EC2 /* Project object */;
			proxyType = 1;
			remoteGlobalIDString = 0838009A2612BD4B00C10EC2;
			remoteInfo = flixster;
		};
		083800BD2612BD4D00C10EC2 /* PBXContainerItemProxy */ = {
			isa = PBXContainerItemProxy;
			containerPortal = 083800932612BD4B00C10EC2 /* Project object */;
			proxyType = 1;
			remoteGlobalIDString = 0838009A2612BD4B00C10EC2;
			remoteInfo = flixster;
		};
/* End PBXContainerItemProxy section */

/* Begin PBXFileReference section */
		0838009B2612BD4B00C10EC2 /* flixster.app */ = {isa = PBXFileReference; explicitFileType = wrapper.application; includeInIndex = 0; path = flixster.app; sourceTree = BUILT_PRODUCTS_DIR; };
		0838009E2612BD4B00C10EC2 /* AppDelegate.swift */ = {isa = PBXFileReference; lastKnownFileType = sourcecode.swift; path = AppDelegate.swift; sourceTree = "<group>"; };
		083800A02612BD4B00C10EC2 /* SceneDelegate.swift */ = {isa = PBXFileReference; lastKnownFileType = sourcecode.swift; path = SceneDelegate.swift; sourceTree = "<group>"; };
		083800A22612BD4B00C10EC2 /* ViewController.swift */ = {isa = PBXFileReference; lastKnownFileType = sourcecode.swift; path = ViewController.swift; sourceTree = "<group>"; };
		083800A52612BD4B00C10EC2 /* Base */ = {isa = PBXFileReference; lastKnownFileType = file.storyboard; name = Base; path = Base.lproj/Main.storyboard; sourceTree = "<group>"; };
		083800A72612BD4D00C10EC2 /* Assets.xcassets */ = {isa = PBXFileReference; lastKnownFileType = folder.assetcatalog; path = Assets.xcassets; sourceTree = "<group>"; };
		083800AA2612BD4D00C10EC2 /* Base */ = {isa = PBXFileReference; lastKnownFileType = file.storyboard; name = Base; path = Base.lproj/LaunchScreen.storyboard; sourceTree = "<group>"; };
		083800AC2612BD4D00C10EC2 /* Info.plist */ = {isa = PBXFileReference; lastKnownFileType = text.plist.xml; path = Info.plist; sourceTree = "<group>"; };
		083800B12612BD4D00C10EC2 /* flixsterTests.xctest */ = {isa = PBXFileReference; explicitFileType = wrapper.cfbundle; includeInIndex = 0; path = flixsterTests.xctest; sourceTree = BUILT_PRODUCTS_DIR; };
		083800B52612BD4D00C10EC2 /* flixsterTests.swift */ = {isa = PBXFileReference; lastKnownFileType = sourcecode.swift; path = flixsterTests.swift; sourceTree = "<group>"; };
		083800B72612BD4D00C10EC2 /* Info.plist */ = {isa = PBXFileReference; lastKnownFileType = text.plist.xml; path = Info.plist; sourceTree = "<group>"; };
		083800BC2612BD4D00C10EC2 /* flixsterUITests.xctest */ = {isa = PBXFileReference; explicitFileType = wrapper.cfbundle; includeInIndex = 0; path = flixsterUITests.xctest; sourceTree = BUILT_PRODUCTS_DIR; };
		083800C02612BD4D00C10EC2 /* flixsterUITests.swift */ = {isa = PBXFileReference; lastKnownFileType = sourcecode.swift; path = flixsterUITests.swift; sourceTree = "<group>"; };
		083800C22612BD4D00C10EC2 /* Info.plist */ = {isa = PBXFileReference; lastKnownFileType = text.plist.xml; path = Info.plist; sourceTree = "<group>"; };
/* End PBXFileReference section */

/* Begin PBXFrameworksBuildPhase section */
		083800982612BD4B00C10EC2 /* Frameworks */ = {
			isa = PBXFrameworksBuildPhase;
			buildActionMask = 2147483647;
			files = (
			);
			runOnlyForDeploymentPostprocessing = 0;
		};
		083800AE2612BD4D00C10EC2 /* Frameworks */ = {
			isa = PBXFrameworksBuildPhase;
			buildActionMask = 2147483647;
			files = (
			);
			runOnlyForDeploymentPostprocessing = 0;
		};
		083800B92612BD4D00C10EC2 /* Frameworks */ = {
			isa = PBXFrameworksBuildPhase;
			buildActionMask = 2147483647;
			files = (
			);
			runOnlyForDeploymentPostprocessing = 0;
		};
/* End PBXFrameworksBuildPhase section */

/* Begin PBXGroup section */
		083800922612BD4B00C10EC2 = {
			isa = PBXGroup;
			children = (
				0838009D2612BD4B00C10EC2 /* flixster */,
				083800B42612BD4D00C10EC2 /* flixsterTests */,
				083800BF2612BD4D00C10EC2 /* flixsterUITests */,
				0838009C2612BD4B00C10EC2 /* Products */,
			);
			sourceTree = "<group>";
		};
		0838009C2612BD4B00C10EC2 /* Products */ = {
			isa = PBXGroup;
			children = (
				0838009B2612BD4B00C10EC2 /* flixster.app */,
				083800B12612BD4D00C10EC2 /* flixsterTests.xctest */,
				083800BC2612BD4D00C10EC2 /* flixsterUITests.xctest */,
			);
			name = Products;
			sourceTree = "<group>";
		};
		0838009D2612BD4B00C10EC2 /* flixster */ = {
			isa = PBXGroup;
			children = (
				0838009E2612BD4B00C10EC2 /* AppDelegate.swift */,
				083800A02612BD4B00C10EC2 /* SceneDelegate.swift */,
				083800A22612BD4B00C10EC2 /* ViewController.swift */,
				083800A42612BD4B00C10EC2 /* Main.storyboard */,
				083800A72612BD4D00C10EC2 /* Assets.xcassets */,
				083800A92612BD4D00C10EC2 /* LaunchScreen.storyboard */,
				083800AC2612BD4D00C10EC2 /* Info.plist */,
			);
			path = flixster;
			sourceTree = "<group>";
		};
		083800B42612BD4D00C10EC2 /* flixsterTests */ = {
			isa = PBXGroup;
			children = (
				083800B52612BD4D00C10EC2 /* flixsterTests.swift */,
				083800B72612BD4D00C10EC2 /* Info.plist */,
			);
			path = flixsterTests;
			sourceTree = "<group>";
		};
		083800BF2612BD4D00C10EC2 /* flixsterUITests */ = {
			isa = PBXGroup;
			children = (
				083800C02612BD4D00C10EC2 /* flixsterUITests.swift */,
				083800C22612BD4D00C10EC2 /* Info.plist */,
			);
			path = flixsterUITests;
			sourceTree = "<group>";
		};
/* End PBXGroup section */

/* Begin PBXNativeTarget section */
		0838009A2612BD4B00C10EC2 /* flixster */ = {
			isa = PBXNativeTarget;
			buildConfigurationList = 083800C52612BD4D00C10EC2 /* Build configuration list for PBXNativeTarget "flixster" */;
			buildPhases = (
				083800972612BD4B00C10EC2 /* Sources */,
				083800982612BD4B00C10EC2 /* Frameworks */,
				083800992612BD4B00C10EC2 /* Resources */,
			);
			buildRules = (
			);
			dependencies = (
			);
			name = flixster;
			productName = flixster;
			productReference = 0838009B2612BD4B00C10EC2 /* flixster.app */;
			productType = "com.apple.product-type.application";
		};
		083800B02612BD4D00C10EC2 /* flixsterTests */ = {
			isa = PBXNativeTarget;
			buildConfigurationList = 083800C82612BD4D00C10EC2 /* Build configuration list for PBXNativeTarget "flixsterTests" */;
			buildPhases = (
				083800AD2612BD4D00C10EC2 /* Sources */,
				083800AE2612BD4D00C10EC2 /* Frameworks */,
				083800AF2612BD4D00C10EC2 /* Resources */,
			);
			buildRules = (
			);
			dependencies = (
				083800B32612BD4D00C10EC2 /* PBXTargetDependency */,
			);
			name = flixsterTests;
			productName = flixsterTests;
			productReference = 083800B12612BD4D00C10EC2 /* flixsterTests.xctest */;
			productType = "com.apple.product-type.bundle.unit-test";
		};
		083800BB2612BD4D00C10EC2 /* flixsterUITests */ = {
			isa = PBXNativeTarget;
			buildConfigurationList = 083800CB2612BD4D00C10EC2 /* Build configuration list for PBXNativeTarget "flixsterUITests" */;
			buildPhases = (
				083800B82612BD4D00C10EC2 /* Sources */,
				083800B92612BD4D00C10EC2 /* Frameworks */,
				083800BA2612BD4D00C10EC2 /* Resources */,
			);
			buildRules = (
			);
			dependencies = (
				083800BE2612BD4D00C10EC2 /* PBXTargetDependency */,
			);
			name = flixsterUITests;
			productName = flixsterUITests;
			productReference = 083800BC2612BD4D00C10EC2 /* flixsterUITests.xctest */;
			productType = "com.apple.product-type.bundle.ui-testing";
		};
/* End PBXNativeTarget section */

/* Begin PBXProject section */
		083800932612BD4B00C10EC2 /* Project object */ = {
			isa = PBXProject;
			attributes = {
				LastSwiftUpdateCheck = 1200;
				LastUpgradeCheck = 1200;
				TargetAttributes = {
					0838009A2612BD4B00C10EC2 = {
						CreatedOnToolsVersion = 12.0.1;
					};
					083800B02612BD4D00C10EC2 = {
						CreatedOnToolsVersion = 12.0.1;
						TestTargetID = 0838009A2612BD4B00C10EC2;
					};
					083800BB2612BD4D00C10EC2 = {
						CreatedOnToolsVersion = 12.0.1;
						TestTargetID = 0838009A2612BD4B00C10EC2;
					};
				};
			};
			buildConfigurationList = 083800962612BD4B00C10EC2 /* Build configuration list for PBXProject "flixster" */;
			compatibilityVersion = "Xcode 9.3";
			developmentRegion = en;
			hasScannedForEncodings = 0;
			knownRegions = (
				en,
				Base,
			);
			mainGroup = 083800922612BD4B00C10EC2;
			productRefGroup = 0838009C2612BD4B00C10EC2 /* Products */;
			projectDirPath = "";
			projectRoot = "";
			targets = (
				0838009A2612BD4B00C10EC2 /* flixster */,
				083800B02612BD4D00C10EC2 /* flixsterTests */,
				083800BB2612BD4D00C10EC2 /* flixsterUITests */,
			);
		};
/* End PBXProject section */

/* Begin PBXResourcesBuildPhase section */
		083800992612BD4B00C10EC2 /* Resources */ = {
			isa = PBXResourcesBuildPhase;
			buildActionMask = 2147483647;
			files = (
				083800AB2612BD4D00C10EC2 /* LaunchScreen.storyboard in Resources */,
				083800A82612BD4D00C10EC2 /* Assets.xcassets in Resources */,
				083800A62612BD4B00C10EC2 /* Main.storyboard in Resources */,
			);
			runOnlyForDeploymentPostprocessing = 0;
		};
		083800AF2612BD4D00C10EC2 /* Resources */ = {
			isa = PBXResourcesBuildPhase;
			buildActionMask = 2147483647;
			files = (
			);
			runOnlyForDeploymentPostprocessing = 0;
		};
		083800BA2612BD4D00C10EC2 /* Resources */ = {
			isa = PBXResourcesBuildPhase;
			buildActionMask = 2147483647;
			files = (
			);
			runOnlyForDeploymentPostprocessing = 0;
		};
/* End PBXResourcesBuildPhase section */

/* Begin PBXSourcesBuildPhase section */
		083800972612BD4B00C10EC2 /* Sources */ = {
			isa = PBXSourcesBuildPhase;
			buildActionMask = 2147483647;
			files = (
				083800A32612BD4B00C10EC2 /* ViewController.swift in Sources */,
				0838009F2612BD4B00C10EC2 /* AppDelegate.swift in Sources */,
				083800A12612BD4B00C10EC2 /* SceneDelegate.swift in Sources */,
			);
			runOnlyForDeploymentPostprocessing = 0;
		};
		083800AD2612BD4D00C10EC2 /* Sources */ = {
			isa = PBXSourcesBuildPhase;
			buildActionMask = 2147483647;
			files = (
				083800B62612BD4D00C10EC2 /* flixsterTests.swift in Sources */,
			);
			runOnlyForDeploymentPostprocessing = 0;
		};
		083800B82612BD4D00C10EC2 /* Sources */ = {
			isa = PBXSourcesBuildPhase;
			buildActionMask = 2147483647;
			files = (
				083800C12612BD4D00C10EC2 /* flixsterUITests.swift in Sources */,
			);
			runOnlyForDeploymentPostprocessing = 0;
		};
/* End PBXSourcesBuildPhase section */

/* Begin PBXTargetDependency section */
		083800B32612BD4D00C10EC2 /* PBXTargetDependency */ = {
			isa = PBXTargetDependency;
			target = 0838009A2612BD4B00C10EC2 /* flixster */;
			targetProxy = 083800B22612BD4D00C10EC2 /* PBXContainerItemProxy */;
		};
		083800BE2612BD4D00C10EC2 /* PBXTargetDependency */ = {
			isa = PBXTargetDependency;
			target = 0838009A2612BD4B00C10EC2 /* flixster */;
			targetProxy = 083800BD2612BD4D00C10EC2 /* PBXContainerItemProxy */;
		};
/* End PBXTargetDependency section */

/* Begin PBXVariantGroup section */
		083800A42612BD4B00C10EC2 /* Main.storyboard */ = {
			isa = PBXVariantGroup;
			children = (
				083800A52612BD4B00C10EC2 /* Base */,
			);
			name = Main.storyboard;
			sourceTree = "<group>";
		};
		083800A92612BD4D00C10EC2 /* LaunchScreen.storyboard */ = {
			isa = PBXVariantGroup;
			children = (
				083800AA2612BD4D00C10EC2 /* Base */,
			);
			name = LaunchScreen.storyboard;
			sourceTree = "<group>";
		};
/* End PBXVariantGroup section */

/* Begin XCBuildConfiguration section */
		083800C32612BD4D00C10EC2 /* Debug */ = {
			isa = XCBuildConfiguration;
			buildSettings = {
				ALWAYS_SEARCH_USER_PATHS = NO;
				CLANG_ANALYZER_NONNULL = YES;
				CLANG_ANALYZER_NUMBER_OBJECT_CONVERSION = YES_AGGRESSIVE;
				CLANG_CXX_LANGUAGE_STANDARD = "gnu++14";
				CLANG_CXX_LIBRARY = "libc++";
				CLANG_ENABLE_MODULES = YES;
				CLANG_ENABLE_OBJC_ARC = YES;
				CLANG_ENABLE_OBJC_WEAK = YES;
				CLANG_WARN_BLOCK_CAPTURE_AUTORELEASING = YES;
				CLANG_WARN_BOOL_CONVERSION = YES;
				CLANG_WARN_COMMA = YES;
				CLANG_WARN_CONSTANT_CONVERSION = YES;
				CLANG_WARN_DEPRECATED_OBJC_IMPLEMENTATIONS = YES;
				CLANG_WARN_DIRECT_OBJC_ISA_USAGE = YES_ERROR;
				CLANG_WARN_DOCUMENTATION_COMMENTS = YES;
				CLANG_WARN_EMPTY_BODY = YES;
				CLANG_WARN_ENUM_CONVERSION = YES;
				CLANG_WARN_INFINITE_RECURSION = YES;
				CLANG_WARN_INT_CONVERSION = YES;
				CLANG_WARN_NON_LITERAL_NULL_CONVERSION = YES;
				CLANG_WARN_OBJC_IMPLICIT_RETAIN_SELF = YES;
				CLANG_WARN_OBJC_LITERAL_CONVERSION = YES;
				CLANG_WARN_OBJC_ROOT_CLASS = YES_ERROR;
				CLANG_WARN_QUOTED_INCLUDE_IN_FRAMEWORK_HEADER = YES;
				CLANG_WARN_RANGE_LOOP_ANALYSIS = YES;
				CLANG_WARN_STRICT_PROTOTYPES = YES;
				CLANG_WARN_SUSPICIOUS_MOVE = YES;
				CLANG_WARN_UNGUARDED_AVAILABILITY = YES_AGGRESSIVE;
				CLANG_WARN_UNREACHABLE_CODE = YES;
				CLANG_WARN__DUPLICATE_METHOD_MATCH = YES;
				COPY_PHASE_STRIP = NO;
				DEBUG_INFORMATION_FORMAT = dwarf;
				ENABLE_STRICT_OBJC_MSGSEND = YES;
				ENABLE_TESTABILITY = YES;
				GCC_C_LANGUAGE_STANDARD = gnu11;
				GCC_DYNAMIC_NO_PIC = NO;
				GCC_NO_COMMON_BLOCKS = YES;
				GCC_OPTIMIZATION_LEVEL = 0;
				GCC_PREPROCESSOR_DEFINITIONS = (
					"DEBUG=1",
					"$(inherited)",
				);
				GCC_WARN_64_TO_32_BIT_CONVERSION = YES;
				GCC_WARN_ABOUT_RETURN_TYPE = YES_ERROR;
				GCC_WARN_UNDECLARED_SELECTOR = YES;
				GCC_WARN_UNINITIALIZED_AUTOS = YES_AGGRESSIVE;
				GCC_WARN_UNUSED_FUNCTION = YES;
				GCC_WARN_UNUSED_VARIABLE = YES;
				IPHONEOS_DEPLOYMENT_TARGET = 14.0;
				MTL_ENABLE_DEBUG_INFO = INCLUDE_SOURCE;
				MTL_FAST_MATH = YES;
				ONLY_ACTIVE_ARCH = YES;
				SDKROOT = iphoneos;
				SWIFT_ACTIVE_COMPILATION_CONDITIONS = DEBUG;
				SWIFT_OPTIMIZATION_LEVEL = "-Onone";
			};
			name = Debug;
		};
		083800C42612BD4D00C10EC2 /* Release */ = {
			isa = XCBuildConfiguration;
			buildSettings = {
				ALWAYS_SEARCH_USER_PATHS = NO;
				CLANG_ANALYZER_NONNULL = YES;
				CLANG_ANALYZER_NUMBER_OBJECT_CONVERSION = YES_AGGRESSIVE;
				CLANG_CXX_LANGUAGE_STANDARD = "gnu++14";
				CLANG_CXX_LIBRARY = "libc++";
				CLANG_ENABLE_MODULES = YES;
				CLANG_ENABLE_OBJC_ARC = YES;
				CLANG_ENABLE_OBJC_WEAK = YES;
				CLANG_WARN_BLOCK_CAPTURE_AUTORELEASING = YES;
				CLANG_WARN_BOOL_CONVERSION = YES;
				CLANG_WARN_COMMA = YES;
				CLANG_WARN_CONSTANT_CONVERSION = YES;
				CLANG_WARN_DEPRECATED_OBJC_IMPLEMENTATIONS = YES;
				CLANG_WARN_DIRECT_OBJC_ISA_USAGE = YES_ERROR;
				CLANG_WARN_DOCUMENTATION_COMMENTS = YES;
				CLANG_WARN_EMPTY_BODY = YES;
				CLANG_WARN_ENUM_CONVERSION = YES;
				CLANG_WARN_INFINITE_RECURSION = YES;
				CLANG_WARN_INT_CONVERSION = YES;
				CLANG_WARN_NON_LITERAL_NULL_CONVERSION = YES;
				CLANG_WARN_OBJC_IMPLICIT_RETAIN_SELF = YES;
				CLANG_WARN_OBJC_LITERAL_CONVERSION = YES;
				CLANG_WARN_OBJC_ROOT_CLASS = YES_ERROR;
				CLANG_WARN_QUOTED_INCLUDE_IN_FRAMEWORK_HEADER = YES;
				CLANG_WARN_RANGE_LOOP_ANALYSIS = YES;
				CLANG_WARN_STRICT_PROTOTYPES = YES;
				CLANG_WARN_SUSPICIOUS_MOVE = YES;
				CLANG_WARN_UNGUARDED_AVAILABILITY = YES_AGGRESSIVE;
				CLANG_WARN_UNREACHABLE_CODE = YES;
				CLANG_WARN__DUPLICATE_METHOD_MATCH = YES;
				COPY_PHASE_STRIP = NO;
				DEBUG_INFORMATION_FORMAT = "dwarf-with-dsym";
				ENABLE_NS_ASSERTIONS = NO;
				ENABLE_STRICT_OBJC_MSGSEND = YES;
				GCC_C_LANGUAGE_STANDARD = gnu11;
				GCC_NO_COMMON_BLOCKS = YES;
				GCC_WARN_64_TO_32_BIT_CONVERSION = YES;
				GCC_WARN_ABOUT_RETURN_TYPE = YES_ERROR;
				GCC_WARN_UNDECLARED_SELECTOR = YES;
				GCC_WARN_UNINITIALIZED_AUTOS = YES_AGGRESSIVE;
				GCC_WARN_UNUSED_FUNCTION = YES;
				GCC_WARN_UNUSED_VARIABLE = YES;
				IPHONEOS_DEPLOYMENT_TARGET = 14.0;
				MTL_ENABLE_DEBUG_INFO = NO;
				MTL_FAST_MATH = YES;
				SDKROOT = iphoneos;
				SWIFT_COMPILATION_MODE = wholemodule;
				SWIFT_OPTIMIZATION_LEVEL = "-O";
				VALIDATE_PRODUCT = YES;
			};
			name = Release;
		};
		083800C62612BD4D00C10EC2 /* Debug */ = {
			isa = XCBuildConfiguration;
			buildSettings = {
				ASSETCATALOG_COMPILER_APPICON_NAME = AppIcon;
				ASSETCATALOG_COMPILER_GLOBAL_ACCENT_COLOR_NAME = AccentColor;
				CODE_SIGN_STYLE = Automatic;
				INFOPLIST_FILE = flixster/Info.plist;
				LD_RUNPATH_SEARCH_PATHS = (
					"$(inherited)",
					"@executable_path/Frameworks",
				);
				PRODUCT_BUNDLE_IDENTIFIER = Jill.flixster;
				PRODUCT_NAME = "$(TARGET_NAME)";
				SWIFT_VERSION = 5.0;
				TARGETED_DEVICE_FAMILY = "1,2";
			};
			name = Debug;
		};
		083800C72612BD4D00C10EC2 /* Release */ = {
			isa = XCBuildConfiguration;
			buildSettings = {
				ASSETCATALOG_COMPILER_APPICON_NAME = AppIcon;
				ASSETCATALOG_COMPILER_GLOBAL_ACCENT_COLOR_NAME = AccentColor;
				CODE_SIGN_STYLE = Automatic;
				INFOPLIST_FILE = flixster/Info.plist;
				LD_RUNPATH_SEARCH_PATHS = (
					"$(inherited)",
					"@executable_path/Frameworks",
				);
				PRODUCT_BUNDLE_IDENTIFIER = Jill.flixster;
				PRODUCT_NAME = "$(TARGET_NAME)";
				SWIFT_VERSION = 5.0;
				TARGETED_DEVICE_FAMILY = "1,2";
			};
			name = Release;
		};
		083800C92612BD4D00C10EC2 /* Debug */ = {
			isa = XCBuildConfiguration;
			buildSettings = {
				ALWAYS_EMBED_SWIFT_STANDARD_LIBRARIES = YES;
				BUNDLE_LOADER = "$(TEST_HOST)";
				CODE_SIGN_STYLE = Automatic;
				INFOPLIST_FILE = flixsterTests/Info.plist;
				IPHONEOS_DEPLOYMENT_TARGET = 14.0;
				LD_RUNPATH_SEARCH_PATHS = (
					"$(inherited)",
					"@executable_path/Frameworks",
					"@loader_path/Frameworks",
				);
				PRODUCT_BUNDLE_IDENTIFIER = Jill.flixsterTests;
				PRODUCT_NAME = "$(TARGET_NAME)";
				SWIFT_VERSION = 5.0;
				TARGETED_DEVICE_FAMILY = "1,2";
				TEST_HOST = "$(BUILT_PRODUCTS_DIR)/flixster.app/flixster";
			};
			name = Debug;
		};
		083800CA2612BD4D00C10EC2 /* Release */ = {
			isa = XCBuildConfiguration;
			buildSettings = {
				ALWAYS_EMBED_SWIFT_STANDARD_LIBRARIES = YES;
				BUNDLE_LOADER = "$(TEST_HOST)";
				CODE_SIGN_STYLE = Automatic;
				INFOPLIST_FILE = flixsterTests/Info.plist;
				IPHONEOS_DEPLOYMENT_TARGET = 14.0;
				LD_RUNPATH_SEARCH_PATHS = (
					"$(inherited)",
					"@executable_path/Frameworks",
					"@loader_path/Frameworks",
				);
				PRODUCT_BUNDLE_IDENTIFIER = Jill.flixsterTests;
				PRODUCT_NAME = "$(TARGET_NAME)";
				SWIFT_VERSION = 5.0;
				TARGETED_DEVICE_FAMILY = "1,2";
				TEST_HOST = "$(BUILT_PRODUCTS_DIR)/flixster.app/flixster";
			};
			name = Release;
		};
		083800CC2612BD4D00C10EC2 /* Debug */ = {
			isa = XCBuildConfiguration;
			buildSettings = {
				ALWAYS_EMBED_SWIFT_STANDARD_LIBRARIES = YES;
				CODE_SIGN_STYLE = Automatic;
				INFOPLIST_FILE = flixsterUITests/Info.plist;
				LD_RUNPATH_SEARCH_PATHS = (
					"$(inherited)",
					"@executable_path/Frameworks",
					"@loader_path/Frameworks",
				);
				PRODUCT_BUNDLE_IDENTIFIER = Jill.flixsterUITests;
				PRODUCT_NAME = "$(TARGET_NAME)";
				SWIFT_VERSION = 5.0;
				TARGETED_DEVICE_FAMILY = "1,2";
				TEST_TARGET_NAME = flixster;
			};
			name = Debug;
		};
		083800CD2612BD4D00C10EC2 /* Release */ = {
			isa = XCBuildConfiguration;
			buildSettings = {
				ALWAYS_EMBED_SWIFT_STANDARD_LIBRARIES = YES;
				CODE_SIGN_STYLE = Automatic;
				INFOPLIST_FILE = flixsterUITests/Info.plist;
				LD_RUNPATH_SEARCH_PATHS = (
					"$(inherited)",
					"@executable_path/Frameworks",
					"@loader_path/Frameworks",
				);
				PRODUCT_BUNDLE_IDENTIFIER = Jill.flixsterUITests;
				PRODUCT_NAME = "$(TARGET_NAME)";
				SWIFT_VERSION = 5.0;
				TARGETED_DEVICE_FAMILY = "1,2";
				TEST_TARGET_NAME = flixster;
			};
			name = Release;
		};
/* End XCBuildConfiguration section */

/* Begin XCConfigurationList section */
		083800962612BD4B00C10EC2 /* Build configuration list for PBXProject "flixster" */ = {
			isa = XCConfigurationList;
			buildConfigurations = (
				083800C32612BD4D00C10EC2 /* Debug */,
				083800C42612BD4D00C10EC2 /* Release */,
			);
			defaultConfigurationIsVisible = 0;
			defaultConfigurationName = Release;
		};
		083800C52612BD4D00C10EC2 /* Build configuration list for PBXNativeTarget "flixster" */ = {
			isa = XCConfigurationList;
			buildConfigurations = (
				083800C62612BD4D00C10EC2 /* Debug */,
				083800C72612BD4D00C10EC2 /* Release */,
			);
			defaultConfigurationIsVisible = 0;
			defaultConfigurationName = Release;
		};
		083800C82612BD4D00C10EC2 /* Build configuration list for PBXNativeTarget "flixsterTests" */ = {
			isa = XCConfigurationList;
			buildConfigurations = (
				083800C92612BD4D00C10EC2 /* Debug */,
				083800CA2612BD4D00C10EC2 /* Release */,
			);
			defaultConfigurationIsVisible = 0;
			defaultConfigurationName = Release;
		};
		083800CB2612BD4D00C10EC2 /* Build configuration list for PBXNativeTarget "flixsterUITests" */ = {
			isa = XCConfigurationList;
			buildConfigurations = (
				083800CC2612BD4D00C10EC2 /* Debug */,
				083800CD2612BD4D00C10EC2 /* Release */,
			);
			defaultConfigurationIsVisible = 0;
			defaultConfigurationName = Release;
		};
/* End XCConfigurationList section */
	};
	rootObject = 083800932612BD4B00C10EC2 /* Project object */;
}
